
Microsoft Visual Studio Solution File, Format Version 12.00
# Visual Studio Version 17
VisualStudioVersion = 17.8.34525.116
MinimumVisualStudioVersion = 10.0.40219.1
Project("{FAE04EC0-301F-11D3-BF4B-00C04F79EFBC}") = "Workaround", "Workaround\Workaround.csproj", "{E571CF53-1404-4E4B-829B-469EF62FB76D}"
EndProject
Project("{FAE04EC0-301F-11D3-BF4B-00C04F79EFBC}") = "Entities", "Entities\Entities.csproj", "{9D960E44-2FA2-41D6-8C78-40E8DED63D5F}"
EndProject
Global
	GlobalSection(SolutionConfigurationPlatforms) = preSolution
		Debug|Any CPU = Debug|Any CPU
		Release|Any CPU = Release|Any CPU
	EndGlobalSection
	GlobalSection(ProjectConfigurationPlatforms) = postSolution
		{E571CF53-1404-4E4B-829B-469EF62FB76D}.Debug|Any CPU.ActiveCfg = Debug|Any CPU
		{E571CF53-1404-4E4B-829B-469EF62FB76D}.Debug|Any CPU.Build.0 = Debug|Any CPU
		{E571CF53-1404-4E4B-829B-469EF62FB76D}.Release|Any CPU.ActiveCfg = Release|Any CPU
		{E571CF53-1404-4E4B-829B-469EF62FB76D}.Release|Any CPU.Build.0 = Release|Any CPU
		{9D960E44-2FA2-41D6-8C78-40E8DED63D5F}.Debug|Any CPU.ActiveCfg = Debug|Any CPU
		{9D960E44-2FA2-41D6-8C78-40E8DED63D5F}.Debug|Any CPU.Build.0 = Debug|Any CPU
		{9D960E44-2FA2-41D6-8C78-40E8DED63D5F}.Release|Any CPU.ActiveCfg = Release|Any CPU
		{9D960E44-2FA2-41D6-8C78-40E8DED63D5F}.Release|Any CPU.Build.0 = Release|Any CPU
	EndGlobalSection
	GlobalSection(SolutionProperties) = preSolution
		HideSolutionNode = FALSE
	EndGlobalSection
	GlobalSection(ExtensibilityGlobals) = postSolution
		SolutionGuid = {D1338194-DAD2-46AD-BA93-07754ABEAF27}
	EndGlobalSection
EndGlobal
